
Microsoft Visual Studio Solution File, Format Version 12.00
# Visual Studio Version 16
VisualStudioVersion = 16.0.28315.86
MinimumVisualStudioVersion = 10.0.40219.1
Project("{2150E333-8FDC-42A3-9474-1A3956D46DE8}") = "Engine", "Engine", "{E3DF0CD2-1166-4163-844F-A74E3A351A11}"
EndProject
Project("{2150E333-8FDC-42A3-9474-1A3956D46DE8}") = "Games", "Games", "{EA5EA946-B9F7-4A6C-B227-B981652FC69A}"
EndProject
Project("{8BC9CEB8-8B4A-11D0-8D11-00A0C91BC942}") = "UE4", "Intermediate\ProjectFiles\UE4.vcxproj", "{661058C6-C6DF-4985-8EED-35CF31C2143F}"
EndProject
Project("{8BC9CEB8-8B4A-11D0-8D11-00A0C91BC942}") = "Game", "Intermediate\ProjectFiles\Game.vcxproj", "{80F4BCFD-1B0E-4D05-96DB-549625FBC2D2}"
EndProject
Project("{2150E333-8FDC-42A3-9474-1A3956D46DE8}") = "Visualizers", "Visualizers", "{AB69C234-6617-46DD-8A7E-7ADEAC64ECCD}"
	ProjectSection(SolutionItems) = preProject
		C:\Program Files\Epic Games\UE_4.24\Engine\Extras\VisualStudioDebugging\UE4.natvis = C:\Program Files\Epic Games\UE_4.24\Engine\Extras\VisualStudioDebugging\UE4.natvis
	EndProjectSection
EndProject
Global
	GlobalSection(SolutionConfigurationPlatforms) = preSolution
		DebugGame Editor|IOS = DebugGame Editor|IOS
		DebugGame Editor|Win32 = DebugGame Editor|Win32
		DebugGame Editor|Win64 = DebugGame Editor|Win64
		DebugGame|IOS = DebugGame|IOS
		DebugGame|Win32 = DebugGame|Win32
		DebugGame|Win64 = DebugGame|Win64
		Development Editor|IOS = Development Editor|IOS
		Development Editor|Win32 = Development Editor|Win32
		Development Editor|Win64 = Development Editor|Win64
		Development|IOS = Development|IOS
		Development|Win32 = Development|Win32
		Development|Win64 = Development|Win64
		Shipping|IOS = Shipping|IOS
		Shipping|Win32 = Shipping|Win32
		Shipping|Win64 = Shipping|Win64
	EndGlobalSection
	GlobalSection(ProjectConfigurationPlatforms) = postSolution
		{661058C6-C6DF-4985-8EED-35CF31C2143F}.DebugGame Editor|IOS.ActiveCfg = BuiltWithUnrealBuildTool|Win32
		{661058C6-C6DF-4985-8EED-35CF31C2143F}.DebugGame Editor|Win32.ActiveCfg = BuiltWithUnrealBuildTool|Win32
		{661058C6-C6DF-4985-8EED-35CF31C2143F}.DebugGame Editor|Win64.ActiveCfg = BuiltWithUnrealBuildTool|Win32
		{661058C6-C6DF-4985-8EED-35CF31C2143F}.DebugGame|IOS.ActiveCfg = BuiltWithUnrealBuildTool|Win32
		{661058C6-C6DF-4985-8EED-35CF31C2143F}.DebugGame|Win32.ActiveCfg = BuiltWithUnrealBuildTool|Win32
		{661058C6-C6DF-4985-8EED-35CF31C2143F}.DebugGame|Win64.ActiveCfg = BuiltWithUnrealBuildTool|Win32
		{661058C6-C6DF-4985-8EED-35CF31C2143F}.Development Editor|IOS.ActiveCfg = BuiltWithUnrealBuildTool|Win32
		{661058C6-C6DF-4985-8EED-35CF31C2143F}.Development Editor|Win32.ActiveCfg = BuiltWithUnrealBuildTool|Win32
		{661058C6-C6DF-4985-8EED-35CF31C2143F}.Development Editor|Win64.ActiveCfg = BuiltWithUnrealBuildTool|Win32
		{661058C6-C6DF-4985-8EED-35CF31C2143F}.Development|IOS.ActiveCfg = BuiltWithUnrealBuildTool|Win32
		{661058C6-C6DF-4985-8EED-35CF31C2143F}.Development|Win32.ActiveCfg = BuiltWithUnrealBuildTool|Win32
		{661058C6-C6DF-4985-8EED-35CF31C2143F}.Development|Win64.ActiveCfg = BuiltWithUnrealBuildTool|Win32
		{661058C6-C6DF-4985-8EED-35CF31C2143F}.Shipping|IOS.ActiveCfg = BuiltWithUnrealBuildTool|Win32
		{661058C6-C6DF-4985-8EED-35CF31C2143F}.Shipping|Win32.ActiveCfg = BuiltWithUnrealBuildTool|Win32
		{661058C6-C6DF-4985-8EED-35CF31C2143F}.Shipping|Win64.ActiveCfg = BuiltWithUnrealBuildTool|Win32
		{80F4BCFD-1B0E-4D05-96DB-549625FBC2D2}.DebugGame Editor|IOS.ActiveCfg = Invalid|Win32
		{80F4BCFD-1B0E-4D05-96DB-549625FBC2D2}.DebugGame Editor|Win32.ActiveCfg = Invalid|Win32
		{80F4BCFD-1B0E-4D05-96DB-549625FBC2D2}.DebugGame Editor|Win64.ActiveCfg = DebugGame_Editor|x64
		{80F4BCFD-1B0E-4D05-96DB-549625FBC2D2}.DebugGame Editor|Win64.Build.0 = DebugGame_Editor|x64
		{80F4BCFD-1B0E-4D05-96DB-549625FBC2D2}.DebugGame|IOS.ActiveCfg = IOS_DebugGame|Win32
		{80F4BCFD-1B0E-4D05-96DB-549625FBC2D2}.DebugGame|IOS.Build.0 = IOS_DebugGame|Win32
		{80F4BCFD-1B0E-4D05-96DB-549625FBC2D2}.DebugGame|Win32.ActiveCfg = DebugGame|Win32
		{80F4BCFD-1B0E-4D05-96DB-549625FBC2D2}.DebugGame|Win32.Build.0 = DebugGame|Win32
		{80F4BCFD-1B0E-4D05-96DB-549625FBC2D2}.DebugGame|Win64.ActiveCfg = DebugGame|x64
		{80F4BCFD-1B0E-4D05-96DB-549625FBC2D2}.DebugGame|Win64.Build.0 = DebugGame|x64
		{80F4BCFD-1B0E-4D05-96DB-549625FBC2D2}.Development Editor|IOS.ActiveCfg = Invalid|Win32
		{80F4BCFD-1B0E-4D05-96DB-549625FBC2D2}.Development Editor|Win32.ActiveCfg = Invalid|Win32
		{80F4BCFD-1B0E-4D05-96DB-549625FBC2D2}.Development Editor|Win64.ActiveCfg = Development_Editor|x64
		{80F4BCFD-1B0E-4D05-96DB-549625FBC2D2}.Development Editor|Win64.Build.0 = Development_Editor|x64
		{80F4BCFD-1B0E-4D05-96DB-549625FBC2D2}.Development|IOS.ActiveCfg = IOS_Development|Win32
		{80F4BCFD-1B0E-4D05-96DB-549625FBC2D2}.Development|IOS.Build.0 = IOS_Development|Win32
		{80F4BCFD-1B0E-4D05-96DB-549625FBC2D2}.Development|Win32.ActiveCfg = Development|Win32
		{80F4BCFD-1B0E-4D05-96DB-549625FBC2D2}.Development|Win32.Build.0 = Development|Win32
		{80F4BCFD-1B0E-4D05-96DB-549625FBC2D2}.Development|Win64.ActiveCfg = Development|x64
		{80F4BCFD-1B0E-4D05-96DB-549625FBC2D2}.Development|Win64.Build.0 = Development|x64
		{80F4BCFD-1B0E-4D05-96DB-549625FBC2D2}.Shipping|IOS.ActiveCfg = IOS_Shipping|Win32
		{80F4BCFD-1B0E-4D05-96DB-549625FBC2D2}.Shipping|IOS.Build.0 = IOS_Shipping|Win32
		{80F4BCFD-1B0E-4D05-96DB-549625FBC2D2}.Shipping|Win32.ActiveCfg = Shipping|Win32
		{80F4BCFD-1B0E-4D05-96DB-549625FBC2D2}.Shipping|Win32.Build.0 = Shipping|Win32
		{80F4BCFD-1B0E-4D05-96DB-549625FBC2D2}.Shipping|Win64.ActiveCfg = Shipping|x64
		{80F4BCFD-1B0E-4D05-96DB-549625FBC2D2}.Shipping|Win64.Build.0 = Shipping|x64
	EndGlobalSection
	GlobalSection(SolutionProperties) = preSolution
		HideSolutionNode = FALSE
	EndGlobalSection
	GlobalSection(NestedProjects) = preSolution
		{661058C6-C6DF-4985-8EED-35CF31C2143F} = {E3DF0CD2-1166-4163-844F-A74E3A351A11}
		{80F4BCFD-1B0E-4D05-96DB-549625FBC2D2} = {EA5EA946-B9F7-4A6C-B227-B981652FC69A}
	EndGlobalSection
EndGlobal
